// !$*UTF8*$!
{
	archiveVersion = 1;
	classes = {
	};
	objectVersion = 46;
	objects = {

/* Begin PBXBuildFile section */
		D88EB499193F0B2400C760CD /* main.m in Sources */ = {isa = PBXBuildFile; fileRef = D88EB498193F0B2400C760CD /* main.m */; };
		D88EB49C193F0B2400C760CD /* AppDelegate.m in Sources */ = {isa = PBXBuildFile; fileRef = D88EB49B193F0B2400C760CD /* AppDelegate.m */; };
		D88EB49F193F0B2400C760CD /* ViewController.m in Sources */ = {isa = PBXBuildFile; fileRef = D88EB49E193F0B2400C760CD /* ViewController.m */; };
		D88EB4A2193F0B2400C760CD /* Main.storyboard in Resources */ = {isa = PBXBuildFile; fileRef = D88EB4A0193F0B2400C760CD /* Main.storyboard */; };
		D88EB4A4193F0B2400C760CD /* Images.xcassets in Resources */ = {isa = PBXBuildFile; fileRef = D88EB4A3193F0B2400C760CD /* Images.xcassets */; };
		D88EB4B0193F0B2500C760CD /* Extensions101Tests.m in Sources */ = {isa = PBXBuildFile; fileRef = D88EB4AF193F0B2500C760CD /* Extensions101Tests.m */; };
/* End PBXBuildFile section */

/* Begin PBXContainerItemProxy section */
		D88EB4AA193F0B2500C760CD /* PBXContainerItemProxy */ = {
			isa = PBXContainerItemProxy;
			containerPortal = D88EB48B193F0B2300C760CD /* Project object */;
			proxyType = 1;
			remoteGlobalIDString = D88EB492193F0B2300C760CD;
			remoteInfo = Extensions101;
		};
/* End PBXContainerItemProxy section */

/* Begin PBXFileReference section */
		D88EB493193F0B2300C760CD /* Extensions101.app */ = {isa = PBXFileReference; explicitFileType = wrapper.application; includeInIndex = 0; path = Extensions101.app; sourceTree = BUILT_PRODUCTS_DIR; };
		D88EB497193F0B2400C760CD /* Info.plist */ = {isa = PBXFileReference; lastKnownFileType = text.plist.xml; path = Info.plist; sourceTree = "<group>"; };
		D88EB498193F0B2400C760CD /* main.m */ = {isa = PBXFileReference; lastKnownFileType = sourcecode.c.objc; path = main.m; sourceTree = "<group>"; };
		D88EB49A193F0B2400C760CD /* AppDelegate.h */ = {isa = PBXFileReference; lastKnownFileType = sourcecode.c.h; path = AppDelegate.h; sourceTree = "<group>"; };
		D88EB49B193F0B2400C760CD /* AppDelegate.m */ = {isa = PBXFileReference; lastKnownFileType = sourcecode.c.objc; path = AppDelegate.m; sourceTree = "<group>"; };
		D88EB49D193F0B2400C760CD /* ViewController.h */ = {isa = PBXFileReference; lastKnownFileType = sourcecode.c.h; path = ViewController.h; sourceTree = "<group>"; };
		D88EB49E193F0B2400C760CD /* ViewController.m */ = {isa = PBXFileReference; lastKnownFileType = sourcecode.c.objc; path = ViewController.m; sourceTree = "<group>"; };
		D88EB4A1193F0B2400C760CD /* Base */ = {isa = PBXFileReference; lastKnownFileType = file.storyboard; name = Base; path = Base.lproj/Main.storyboard; sourceTree = "<group>"; };
		D88EB4A3193F0B2400C760CD /* Images.xcassets */ = {isa = PBXFileReference; lastKnownFileType = folder.assetcatalog; path = Images.xcassets; sourceTree = "<group>"; };
		D88EB4A9193F0B2500C760CD /* Extensions101Tests.xctest */ = {isa = PBXFileReference; explicitFileType = wrapper.cfbundle; includeInIndex = 0; path = Extensions101Tests.xctest; sourceTree = BUILT_PRODUCTS_DIR; };
		D88EB4AE193F0B2500C760CD /* Info.plist */ = {isa = PBXFileReference; lastKnownFileType = text.plist.xml; path = Info.plist; sourceTree = "<group>"; };
		D88EB4AF193F0B2500C760CD /* Extensions101Tests.m */ = {isa = PBXFileReference; lastKnownFileType = sourcecode.c.objc; path = Extensions101Tests.m; sourceTree = "<group>"; };
/* End PBXFileReference section */

/* Begin PBXFrameworksBuildPhase section */
		D88EB490193F0B2300C760CD /* Frameworks */ = {
			isa = PBXFrameworksBuildPhase;
			buildActionMask = 2147483647;
			files = (
			);
			runOnlyForDeploymentPostprocessing = 0;
		};
		D88EB4A6193F0B2500C760CD /* Frameworks */ = {
			isa = PBXFrameworksBuildPhase;
			buildActionMask = 2147483647;
			files = (
			);
			runOnlyForDeploymentPostprocessing = 0;
		};
/* End PBXFrameworksBuildPhase section */

/* Begin PBXGroup section */
		D88EB48A193F0B2300C760CD = {
			isa = PBXGroup;
			children = (
				D88EB495193F0B2300C760CD /* Extensions101 */,
				D88EB4AC193F0B2500C760CD /* Extensions101Tests */,
				D88EB494193F0B2300C760CD /* Products */,
			);
			sourceTree = "<group>";
		};
		D88EB494193F0B2300C760CD /* Products */ = {
			isa = PBXGroup;
			children = (
				D88EB493193F0B2300C760CD /* Extensions101.app */,
				D88EB4A9193F0B2500C760CD /* Extensions101Tests.xctest */,
			);
			name = Products;
			sourceTree = "<group>";
		};
		D88EB495193F0B2300C760CD /* Extensions101 */ = {
			isa = PBXGroup;
			children = (
				D88EB49A193F0B2400C760CD /* AppDelegate.h */,
				D88EB49B193F0B2400C760CD /* AppDelegate.m */,
				D88EB49D193F0B2400C760CD /* ViewController.h */,
				D88EB49E193F0B2400C760CD /* ViewController.m */,
				D88EB4A0193F0B2400C760CD /* Main.storyboard */,
				D88EB4A3193F0B2400C760CD /* Images.xcassets */,
				D88EB496193F0B2300C760CD /* Supporting Files */,
			);
			path = Extensions101;
			sourceTree = "<group>";
		};
		D88EB496193F0B2300C760CD /* Supporting Files */ = {
			isa = PBXGroup;
			children = (
				D88EB497193F0B2400C760CD /* Info.plist */,
				D88EB498193F0B2400C760CD /* main.m */,
			);
			name = "Supporting Files";
			sourceTree = "<group>";
		};
		D88EB4AC193F0B2500C760CD /* Extensions101Tests */ = {
			isa = PBXGroup;
			children = (
				D88EB4AF193F0B2500C760CD /* Extensions101Tests.m */,
				D88EB4AD193F0B2500C760CD /* Supporting Files */,
			);
			path = Extensions101Tests;
			sourceTree = "<group>";
		};
		D88EB4AD193F0B2500C760CD /* Supporting Files */ = {
			isa = PBXGroup;
			children = (
				D88EB4AE193F0B2500C760CD /* Info.plist */,
			);
			name = "Supporting Files";
			sourceTree = "<group>";
		};
/* End PBXGroup section */

/* Begin PBXNativeTarget section */
		D88EB492193F0B2300C760CD /* Extensions101 */ = {
			isa = PBXNativeTarget;
			buildConfigurationList = D88EB4B3193F0B2500C760CD /* Build configuration list for PBXNativeTarget "Extensions101" */;
			buildPhases = (
				D88EB48F193F0B2300C760CD /* Sources */,
				D88EB490193F0B2300C760CD /* Frameworks */,
				D88EB491193F0B2300C760CD /* Resources */,
			);
			buildRules = (
			);
			dependencies = (
			);
			name = Extensions101;
			productName = Extensions101;
			productReference = D88EB493193F0B2300C760CD /* Extensions101.app */;
			productType = "com.apple.product-type.application";
		};
		D88EB4A8193F0B2500C760CD /* Extensions101Tests */ = {
			isa = PBXNativeTarget;
			buildConfigurationList = D88EB4B6193F0B2500C760CD /* Build configuration list for PBXNativeTarget "Extensions101Tests" */;
			buildPhases = (
				D88EB4A5193F0B2500C760CD /* Sources */,
				D88EB4A6193F0B2500C760CD /* Frameworks */,
				D88EB4A7193F0B2500C760CD /* Resources */,
			);
			buildRules = (
			);
			dependencies = (
				D88EB4AB193F0B2500C760CD /* PBXTargetDependency */,
			);
			name = Extensions101Tests;
			productName = Extensions101Tests;
			productReference = D88EB4A9193F0B2500C760CD /* Extensions101Tests.xctest */;
			productType = "com.apple.product-type.bundle.unit-test";
		};
/* End PBXNativeTarget section */

/* Begin PBXProject section */
		D88EB48B193F0B2300C760CD /* Project object */ = {
			isa = PBXProject;
			attributes = {
				LastUpgradeCheck = 0600;
				ORGANIZATIONNAME = "Hanuman Tech Ltd.";
				TargetAttributes = {
					D88EB492193F0B2300C760CD = {
						CreatedOnToolsVersion = 6.0;
					};
					D88EB4A8193F0B2500C760CD = {
						CreatedOnToolsVersion = 6.0;
						TestTargetID = D88EB492193F0B2300C760CD;
					};
				};
			};
			buildConfigurationList = D88EB48E193F0B2300C760CD /* Build configuration list for PBXProject "Extensions101" */;
			compatibilityVersion = "Xcode 3.2";
			developmentRegion = English;
			hasScannedForEncodings = 0;
			knownRegions = (
				en,
				Base,
			);
			mainGroup = D88EB48A193F0B2300C760CD;
			productRefGroup = D88EB494193F0B2300C760CD /* Products */;
			projectDirPath = "";
			projectRoot = "";
			targets = (
				D88EB492193F0B2300C760CD /* Extensions101 */,
				D88EB4A8193F0B2500C760CD /* Extensions101Tests */,
			);
		};
/* End PBXProject section */

/* Begin PBXResourcesBuildPhase section */
		D88EB491193F0B2300C760CD /* Resources */ = {
			isa = PBXResourcesBuildPhase;
			buildActionMask = 2147483647;
			files = (
				D88EB4A2193F0B2400C760CD /* Main.storyboard in Resources */,
				D88EB4A4193F0B2400C760CD /* Images.xcassets in Resources */,
			);
			runOnlyForDeploymentPostprocessing = 0;
		};
		D88EB4A7193F0B2500C760CD /* Resources */ = {
			isa = PBXResourcesBuildPhase;
			buildActionMask = 2147483647;
			files = (
			);
			runOnlyForDeploymentPostprocessing = 0;
		};
/* End PBXResourcesBuildPhase section */

/* Begin PBXSourcesBuildPhase section */
		D88EB48F193F0B2300C760CD /* Sources */ = {
			isa = PBXSourcesBuildPhase;
			buildActionMask = 2147483647;
			files = (
				D88EB49F193F0B2400C760CD /* ViewController.m in Sources */,
				D88EB49C193F0B2400C760CD /* AppDelegate.m in Sources */,
				D88EB499193F0B2400C760CD /* main.m in Sources */,
			);
			runOnlyForDeploymentPostprocessing = 0;
		};
		D88EB4A5193F0B2500C760CD /* Sources */ = {
			isa = PBXSourcesBuildPhase;
			buildActionMask = 2147483647;
			files = (
				D88EB4B0193F0B2500C760CD /* Extensions101Tests.m in Sources */,
			);
			runOnlyForDeploymentPostprocessing = 0;
		};
/* End PBXSourcesBuildPhase section */

/* Begin PBXTargetDependency section */
		D88EB4AB193F0B2500C760CD /* PBXTargetDependency */ = {
			isa = PBXTargetDependency;
			target = D88EB492193F0B2300C760CD /* Extensions101 */;
			targetProxy = D88EB4AA193F0B2500C760CD /* PBXContainerItemProxy */;
		};
/* End PBXTargetDependency section */

/* Begin PBXVariantGroup section */
		D88EB4A0193F0B2400C760CD /* Main.storyboard */ = {
			isa = PBXVariantGroup;
			children = (
				D88EB4A1193F0B2400C760CD /* Base */,
			);
			name = Main.storyboard;
			sourceTree = "<group>";
		};
/* End PBXVariantGroup section */

/* Begin XCBuildConfiguration section */
		D88EB4B1193F0B2500C760CD /* Debug */ = {
			isa = XCBuildConfiguration;
			buildSettings = {
				ALWAYS_SEARCH_USER_PATHS = NO;
				CLANG_CXX_LANGUAGE_STANDARD = "gnu++0x";
				CLANG_CXX_LIBRARY = "libc++";
				CLANG_ENABLE_MODULES = YES;
				CLANG_ENABLE_OBJC_ARC = YES;
				CLANG_WARN_BOOL_CONVERSION = YES;
				CLANG_WARN_CONSTANT_CONVERSION = YES;
				CLANG_WARN_DIRECT_OBJC_ISA_USAGE = YES_ERROR;
				CLANG_WARN_EMPTY_BODY = YES;
				CLANG_WARN_ENUM_CONVERSION = YES;
				CLANG_WARN_INT_CONVERSION = YES;
				CLANG_WARN_OBJC_ROOT_CLASS = YES_ERROR;
				CLANG_WARN_UNREACHABLE_CODE = YES;
				CLANG_WARN__DUPLICATE_METHOD_MATCH = YES;
				"CODE_SIGN_IDENTITY[sdk=iphoneos*]" = "iPhone Developer";
				COPY_PHASE_STRIP = NO;
				ENABLE_STRICT_OBJC_MSGSEND = YES;
				GCC_C_LANGUAGE_STANDARD = gnu99;
				GCC_DYNAMIC_NO_PIC = NO;
				GCC_OPTIMIZATION_LEVEL = 0;
				GCC_PREPROCESSOR_DEFINITIONS = (
					"DEBUG=1",
					"$(inherited)",
				);
				GCC_SYMBOLS_PRIVATE_EXTERN = NO;
				GCC_WARN_64_TO_32_BIT_CONVERSION = YES;
				GCC_WARN_ABOUT_RETURN_TYPE = YES_ERROR;
				GCC_WARN_UNDECLARED_SELECTOR = YES;
				GCC_WARN_UNINITIALIZED_AUTOS = YES_AGGRESSIVE;
				GCC_WARN_UNUSED_FUNCTION = YES;
				GCC_WARN_UNUSED_VARIABLE = YES;
				IPHONEOS_DEPLOYMENT_TARGET = 8.0;
				METAL_ENABLE_DEBUG_INFO = YES;
				ONLY_ACTIVE_ARCH = YES;
				SDKROOT = iphoneos;
			};
			name = Debug;
		};
		D88EB4B2193F0B2500C760CD /* Release */ = {
			isa = XCBuildConfiguration;
			buildSettings = {
				ALWAYS_SEARCH_USER_PATHS = NO;
				CLANG_CXX_LANGUAGE_STANDARD = "gnu++0x";
				CLANG_CXX_LIBRARY = "libc++";
				CLANG_ENABLE_MODULES = YES;
				CLANG_ENABLE_OBJC_ARC = YES;
				CLANG_WARN_BOOL_CONVERSION = YES;
				CLANG_WARN_CONSTANT_CONVERSION = YES;
				CLANG_WARN_DIRECT_OBJC_ISA_USAGE = YES_ERROR;
				CLANG_WARN_EMPTY_BODY = YES;
				CLANG_WARN_ENUM_CONVERSION = YES;
				CLANG_WARN_INT_CONVERSION = YES;
				CLANG_WARN_OBJC_ROOT_CLASS = YES_ERROR;
				CLANG_WARN_UNREACHABLE_CODE = YES;
				CLANG_WARN__DUPLICATE_METHOD_MATCH = YES;
				"CODE_SIGN_IDENTITY[sdk=iphoneos*]" = "iPhone Developer";
				COPY_PHASE_STRIP = YES;
				ENABLE_NS_ASSERTIONS = NO;
				ENABLE_STRICT_OBJC_MSGSEND = YES;
				GCC_C_LANGUAGE_STANDARD = gnu99;
				GCC_WARN_64_TO_32_BIT_CONVERSION = YES;
				GCC_WARN_ABOUT_RETURN_TYPE = YES_ERROR;
				GCC_WARN_UNDECLARED_SELECTOR = YES;
				GCC_WARN_UNINITIALIZED_AUTOS = YES_AGGRESSIVE;
				GCC_WARN_UNUSED_FUNCTION = YES;
				GCC_WARN_UNUSED_VARIABLE = YES;
				IPHONEOS_DEPLOYMENT_TARGET = 8.0;
				METAL_ENABLE_DEBUG_INFO = NO;
				SDKROOT = iphoneos;
				VALIDATE_PRODUCT = YES;
			};
			name = Release;
		};
		D88EB4B4193F0B2500C760CD /* Debug */ = {
			isa = XCBuildConfiguration;
			buildSettings = {
				ASSETCATALOG_COMPILER_APPICON_NAME = AppIcon;
				ASSETCATALOG_COMPILER_LAUNCHIMAGE_NAME = LaunchImage;
				INFOPLIST_FILE = Extensions101/Info.plist;
				LD_RUNPATH_SEARCH_PATHS = "$(inherited) @executable_path/Frameworks";
				PRODUCT_NAME = "$(TARGET_NAME)";
			};
			name = Debug;
		};
		D88EB4B5193F0B2500C760CD /* Release */ = {
			isa = XCBuildConfiguration;
			buildSettings = {
				ASSETCATALOG_COMPILER_APPICON_NAME = AppIcon;
				ASSETCATALOG_COMPILER_LAUNCHIMAGE_NAME = LaunchImage;
				INFOPLIST_FILE = Extensions101/Info.plist;
				LD_RUNPATH_SEARCH_PATHS = "$(inherited) @executable_path/Frameworks";
				PRODUCT_NAME = "$(TARGET_NAME)";
			};
			name = Release;
		};
		D88EB4B7193F0B2500C760CD /* Debug */ = {
			isa = XCBuildConfiguration;
			buildSettings = {
				BUNDLE_LOADER = "$(BUILT_PRODUCTS_DIR)/Extensions101.app/Extensions101";
				FRAMEWORK_SEARCH_PATHS = (
					"$(SDKROOT)/Developer/Library/Frameworks",
					"$(inherited)",
				);
				GCC_PREPROCESSOR_DEFINITIONS = (
					"DEBUG=1",
					"$(inherited)",
				);
				INFOPLIST_FILE = Extensions101Tests/Info.plist;
				LD_RUNPATH_SEARCH_PATHS = "$(inherited) @executable_path/Frameworks @loader_path/Frameworks";
				METAL_ENABLE_DEBUG_INFO = YES;
				PRODUCT_NAME = "$(TARGET_NAME)";
				TEST_HOST = "$(BUNDLE_LOADER)";
			};
			name = Debug;
		};
		D88EB4B8193F0B2500C760CD /* Release */ = {
			isa = XCBuildConfiguration;
			buildSettings = {
				BUNDLE_LOADER = "$(BUILT_PRODUCTS_DIR)/Extensions101.app/Extensions101";
				FRAMEWORK_SEARCH_PATHS = (
					"$(SDKROOT)/Developer/Library/Frameworks",
					"$(inherited)",
				);
				INFOPLIST_FILE = Extensions101Tests/Info.plist;
				LD_RUNPATH_SEARCH_PATHS = "$(inherited) @executable_path/Frameworks @loader_path/Frameworks";
				METAL_ENABLE_DEBUG_INFO = NO;
				PRODUCT_NAME = "$(TARGET_NAME)";
				TEST_HOST = "$(BUNDLE_LOADER)";
			};
			name = Release;
		};
/* End XCBuildConfiguration section */

/* Begin XCConfigurationList section */
		D88EB48E193F0B2300C760CD /* Build configuration list for PBXProject "Extensions101" */ = {
			isa = XCConfigurationList;
			buildConfigurations = (
				D88EB4B1193F0B2500C760CD /* Debug */,
				D88EB4B2193F0B2500C760CD /* Release */,
			);
			defaultConfigurationIsVisible = 0;
			defaultConfigurationName = Release;
		};
		D88EB4B3193F0B2500C760CD /* Build configuration list for PBXNativeTarget "Extensions101" */ = {
			isa = XCConfigurationList;
			buildConfigurations = (
				D88EB4B4193F0B2500C760CD /* Debug */,
				D88EB4B5193F0B2500C760CD /* Release */,
			);
			defaultConfigurationIsVisible = 0;
		};
		D88EB4B6193F0B2500C760CD /* Build configuration list for PBXNativeTarget "Extensions101Tests" */ = {
			isa = XCConfigurationList;
			buildConfigurations = (
				D88EB4B7193F0B2500C760CD /* Debug */,
				D88EB4B8193F0B2500C760CD /* Release */,
			);
			defaultConfigurationIsVisible = 0;
		};
/* End XCConfigurationList section */
	};
	rootObject = D88EB48B193F0B2300C760CD /* Project object */;
}
